{
    "_meta": {
        "hash": {
            "sha256": "eb143f2a64e40474f95c826796eeb96016ff871725c656087157ee5ee1e10c11"
        },
        "pipfile-spec": 6,
        "requires": {
            "python_version": "2.7"
        },
        "sources": [
            {
                "name": "pypi",
                "url": "https://pypi.org/simple",
                "verify_ssl": true
            }
        ]
    },
    "default": {
        "django": {
            "hashes": [
                "sha256:aae1b776d78cc3f492afda405b9b9d322b27761442997456c158687d7a0610a1",
                "sha256:ba723e524facffa2a9d8c2e9116db871e16b9207e648e1d3e4af8aae1167b029"
            ],
            "index": "pypi",
            "version": "==1.11.21"
        },
        "django-cors-headers": {
            "hashes": [
                "sha256:5b80bf0f8d7fc6e2bcb4f40781d5ff3661961bbf1982e52daec77241dea3b890",
                "sha256:ebf3e2cf25aa6993b959a8e6a87828ebb3c8fe5bc3ec4a2d6e65f3b8d9b4212c"
            ],
            "index": "pypi",
            "version": "==3.0.2"
        },
        "django-webpack-loader": {
            "hashes": [
                "sha256:60bab6b9a037a5346fad12d2a70a6bc046afb33154cf75ed640b93d3ebd5f520",
                "sha256:970b968c2a8975fb7eff56a3bab5d0d90d396740852d1e0c50c5cfe2b824199a"
            ],
            "index": "pypi",
            "version": "==0.6.0"
        },
        "djangorestframework": {
            "hashes": [
                "sha256:376f4b50340a46c15ae15ddd0c853085f4e66058f97e4dbe7d43ed62f5e60651",
                "sha256:c12869cfd83c33d579b17b3cb28a2ae7322a53c3ce85580c2a2ebe4e3f56c4fb"
            ],
            "index": "pypi",
            "version": "==3.9.4"
        },
        "pytz": {
            "hashes": [
                "sha256:303879e36b721603cc54604edcac9d20401bdbe31e1e4fdee5b9f98d5d31dfda",
                "sha256:d747dd3d23d77ef44c6a3526e274af6efeb0a6f1afd5a69ba4d5be4098c8e141"
            ],
            "version": "==2019.1"
        }
    },
    "develop": {}
}
